dependencies:
- name: pgvector
  repository: https://rh-ai-quickstart.github.io/ai-architecture-charts
  version: 0.1.0
- name: llm-service
  repository: https://rh-ai-quickstart.github.io/ai-architecture-charts
  version: 0.5.6
- name: llama-stack
  repository: https://rh-ai-quickstart.github.io/ai-architecture-charts
  version: 0.7.4
- name: mcp-servers
  repository: https://rh-ai-quickstart.github.io/ai-architecture-charts
  version: 0.5.17
- name: ticketingZammad
  repository: file://./zammad
  version: 0.1.0
digest: sha256:719f5c9287f5b8abd77b5e4b6b645added37c0f009a829057bcb18d9ca32733a
generated: "2026-05-04T15:30:41.624154252+03:00"
